
Microsoft Visual Studio Solution File, Format Version 12.00
# Visual Studio Version 17
VisualStudioVersion = 17.8.34525.116
MinimumVisualStudioVersion = 10.0.40219.1
Project("{FAE04EC0-301F-11D3-BF4B-00C04F79EFBC}") = "NOPixelLockPickSolver", "NOPixelLockPickSolver.csproj", "{B906B145-6EEE-4E7A-8C86-D2722775BE53}"
EndProject
Global
	GlobalSection(SolutionConfigurationPlatforms) = preSolution
		Debug|Any CPU = Debug|Any CPU
		Release|Any CPU = Release|Any CPU
	EndGlobalSection
	GlobalSection(ProjectConfigurationPlatforms) = postSolution
		{B906B145-6EEE-4E7A-8C86-D2722775BE53}.Debug|Any CPU.ActiveCfg = Debug|Any CPU
		{B906B145-6EEE-4E7A-8C86-D2722775BE53}.Debug|Any CPU.Build.0 = Debug|Any CPU
		{B906B145-6EEE-4E7A-8C86-D2722775BE53}.Release|Any CPU.ActiveCfg = Release|Any CPU
		{B906B145-6EEE-4E7A-8C86-D2722775BE53}.Release|Any CPU.Build.0 = Release|Any CPU
	EndGlobalSection
	GlobalSection(SolutionProperties) = preSolution
		HideSolutionNode = FALSE
	EndGlobalSection
	GlobalSection(ExtensibilityGlobals) = postSolution
		SolutionGuid = {613C613A-1C20-4578-B4E0-7D68E03D9A3D}
	EndGlobalSection
EndGlobal
